
Microsoft Visual Studio Solution File, Format Version 12.00
# Visual Studio 15
VisualStudioVersion = 15.0.28307.329
MinimumVisualStudioVersion = 10.0.40219.1
Project("{FAE04EC0-301F-11D3-BF4B-00C04F79EFBC}") = "Watcher", "Watcher\Watcher.csproj", "{F6477A4C-F424-4BD0-A94D-35703284FFAC}"
EndProject
Global
	GlobalSection(SolutionConfigurationPlatforms) = preSolution
		Debug|Any CPU = Debug|Any CPU
		Release|Any CPU = Release|Any CPU
	EndGlobalSection
	GlobalSection(ProjectConfigurationPlatforms) = postSolution
		{F6477A4C-F424-4BD0-A94D-35703284FFAC}.Debug|Any CPU.ActiveCfg = Debug|Any CPU
		{F6477A4C-F424-4BD0-A94D-35703284FFAC}.Debug|Any CPU.Build.0 = Debug|Any CPU
		{F6477A4C-F424-4BD0-A94D-35703284FFAC}.Release|Any CPU.ActiveCfg = Release|Any CPU
		{F6477A4C-F424-4BD0-A94D-35703284FFAC}.Release|Any CPU.Build.0 = Release|Any CPU
	EndGlobalSection
	GlobalSection(SolutionProperties) = preSolution
		HideSolutionNode = FALSE
	EndGlobalSection
	GlobalSection(ExtensibilityGlobals) = postSolution
		SolutionGuid = {0143BDA0-A109-42C5-B8EC-519DEBD8A27E}
	EndGlobalSection
EndGlobal
